
Microsoft Visual Studio Solution File, Format Version 12.00
# Visual Studio Version 17
VisualStudioVersion = 17.10.35013.160
MinimumVisualStudioVersion = 10.0.40219.1
Project("{FAE04EC0-301F-11D3-BF4B-00C04F79EFBC}") = "Clase31-07-2024", "Clase31-07-2024\Clase31-07-2024.csproj", "{90CB9A57-0049-483F-9B52-97B376B4370B}"
EndProject
Global
	GlobalSection(SolutionConfigurationPlatforms) = preSolution
		Debug|Any CPU = Debug|Any CPU
		Release|Any CPU = Release|Any CPU
	EndGlobalSection
	GlobalSection(ProjectConfigurationPlatforms) = postSolution
		{90CB9A57-0049-483F-9B52-97B376B4370B}.Debug|Any CPU.ActiveCfg = Debug|Any CPU
		{90CB9A57-0049-483F-9B52-97B376B4370B}.Debug|Any CPU.Build.0 = Debug|Any CPU
		{90CB9A57-0049-483F-9B52-97B376B4370B}.Release|Any CPU.ActiveCfg = Release|Any CPU
		{90CB9A57-0049-483F-9B52-97B376B4370B}.Release|Any CPU.Build.0 = Release|Any CPU
	EndGlobalSection
	GlobalSection(SolutionProperties) = preSolution
		HideSolutionNode = FALSE
	EndGlobalSection
	GlobalSection(ExtensibilityGlobals) = postSolution
		SolutionGuid = {D00421BB-0759-46F4-92A4-2E810688FC27}
	EndGlobalSection
EndGlobal
